// !$*UTF8*$!
{
	archiveVersion = 1;
	classes = {
	};
	objectVersion = 46;
	objects = {

/* Begin PBXBuildFile section */
		1D71A1BD1E6EF9A0003B7CBF /* AppDelegate.swift in Sources */ = {isa = PBXBuildFile; fileRef = 1D71A1BC1E6EF9A0003B7CBF /* AppDelegate.swift */; };
		1D71A1C41E6EF9A1003B7CBF /* Assets.xcassets in Resources */ = {isa = PBXBuildFile; fileRef = 1D71A1C31E6EF9A1003B7CBF /* Assets.xcassets */; };
		1D71A1D21E6EF9A1003B7CBF /* clikatTests.swift in Sources */ = {isa = PBXBuildFile; fileRef = 1D71A1D11E6EF9A1003B7CBF /* clikatTests.swift */; };
		1D71A1DD1E6EF9A1003B7CBF /* clikatUITests.swift in Sources */ = {isa = PBXBuildFile; fileRef = 1D71A1DC1E6EF9A1003B7CBF /* clikatUITests.swift */; };
		1D7967BE1E796B1C00EEEA11 /* DataIdentifier.swift in Sources */ = {isa = PBXBuildFile; fileRef = 1D7967BD1E796B1C00EEEA11 /* DataIdentifier.swift */; };
		1D88920A1E79082800984C4D /* slidepanelViewController.swift in Sources */ = {isa = PBXBuildFile; fileRef = 1D8892081E79082800984C4D /* slidepanelViewController.swift */; };
		1D88920B1E79082800984C4D /* ViewController.swift in Sources */ = {isa = PBXBuildFile; fileRef = 1D8892091E79082800984C4D /* ViewController.swift */; };
		1D88920E1E7908B300984C4D /* Main.storyboard in Resources */ = {isa = PBXBuildFile; fileRef = 1D88920D1E7908B300984C4D /* Main.storyboard */; };
		1D8892171E79099700984C4D /* AdvertisementTableViewCell.swift in Sources */ = {isa = PBXBuildFile; fileRef = 1D8892101E79099700984C4D /* AdvertisementTableViewCell.swift */; };
		1D8892181E79099700984C4D /* AdvertisementTableViewCell.xib in Resources */ = {isa = PBXBuildFile; fileRef = 1D8892111E79099700984C4D /* AdvertisementTableViewCell.xib */; };
		1D8892191E79099700984C4D /* FirstTableViewCell.swift in Sources */ = {isa = PBXBuildFile; fileRef = 1D8892121E79099700984C4D /* FirstTableViewCell.swift */; };
		1D88921A1E79099700984C4D /* FirstTableViewCell.xib in Resources */ = {isa = PBXBuildFile; fileRef = 1D8892131E79099700984C4D /* FirstTableViewCell.xib */; };
		1D88921B1E79099700984C4D /* SecondTableViewCell.swift in Sources */ = {isa = PBXBuildFile; fileRef = 1D8892141E79099700984C4D /* SecondTableViewCell.swift */; };
		1D88921C1E79099700984C4D /* ThirdTableViewCell.swift in Sources */ = {isa = PBXBuildFile; fileRef = 1D8892151E79099700984C4D /* ThirdTableViewCell.swift */; };
		1D88921D1E79099700984C4D /* ThirdTableViewCell.xib in Resources */ = {isa = PBXBuildFile; fileRef = 1D8892161E79099700984C4D /* ThirdTableViewCell.xib */; };
		1D88921F1E7909BE00984C4D /* SecondTableViewCell.xib in Resources */ = {isa = PBXBuildFile; fileRef = 1D88921E1E7909BE00984C4D /* SecondTableViewCell.xib */; };
		1D8892211E790A1500984C4D /* LaunchScreen.storyboard in Resources */ = {isa = PBXBuildFile; fileRef = 1D8892201E790A1500984C4D /* LaunchScreen.storyboard */; };
		1D88922B1E790A2700984C4D /* firstCollectionViewCell.swift in Sources */ = {isa = PBXBuildFile; fileRef = 1D8892231E790A2700984C4D /* firstCollectionViewCell.swift */; };
		1D88922C1E790A2700984C4D /* firstCollectionViewCell.xib in Resources */ = {isa = PBXBuildFile; fileRef = 1D8892241E790A2700984C4D /* firstCollectionViewCell.xib */; };
		1D88922D1E790A2700984C4D /* fourthCollectionViewCell.swift in Sources */ = {isa = PBXBuildFile; fileRef = 1D8892251E790A2700984C4D /* fourthCollectionViewCell.swift */; };
		1D88922E1E790A2700984C4D /* fourthCollectionViewCell.xib in Resources */ = {isa = PBXBuildFile; fileRef = 1D8892261E790A2700984C4D /* fourthCollectionViewCell.xib */; };
		1D88922F1E790A2700984C4D /* secondCollectionViewCell.swift in Sources */ = {isa = PBXBuildFile; fileRef = 1D8892271E790A2700984C4D /* secondCollectionViewCell.swift */; };
		1D8892301E790A2700984C4D /* secondCollectionViewCell.xib in Resources */ = {isa = PBXBuildFile; fileRef = 1D8892281E790A2700984C4D /* secondCollectionViewCell.xib */; };
		1D8892311E790A2700984C4D /* thirdCollectionViewCell.swift in Sources */ = {isa = PBXBuildFile; fileRef = 1D8892291E790A2700984C4D /* thirdCollectionViewCell.swift */; };
		1D8892321E790A2700984C4D /* thirdCollectionViewCell.xib in Resources */ = {isa = PBXBuildFile; fileRef = 1D88922A1E790A2700984C4D /* thirdCollectionViewCell.xib */; };
		1D8892351E790A9900984C4D /* model.swift in Sources */ = {isa = PBXBuildFile; fileRef = 1D8892341E790A9900984C4D /* model.swift */; };
		1D8892381E790ABF00984C4D /* TableViewCell.swift in Sources */ = {isa = PBXBuildFile; fileRef = 1D8892371E790ABF00984C4D /* TableViewCell.swift */; };
		1D88923E1E791DE600984C4D /* stickyHeader.swift in Sources */ = {isa = PBXBuildFile; fileRef = 1D88923D1E791DE600984C4D /* stickyHeader.swift */; };
		1D8892401E791DF500984C4D /* stickyHeader.xib in Resources */ = {isa = PBXBuildFile; fileRef = 1D88923F1E791DF500984C4D /* stickyHeader.xib */; };
		1DD6C7F61E710EE1006561F2 /* APIHandler.swift in Sources */ = {isa = PBXBuildFile; fileRef = 1DD6C7F51E710EE1006561F2 /* APIHandler.swift */; };
		2CEC7C020D89A80448C34981 /* Pods_clikatUITests.framework in Frameworks */ = {isa = PBXBuildFile; fileRef = CDCCF9A681A28B1F09BCD1D1 /* Pods_clikatUITests.framework */; };
		4FA41DE2B1E7BC9F6537DD98 /* Pods_clikatTests.framework in Frameworks */ = {isa = PBXBuildFile; fileRef = 69495D5A8DA48FAC835F5A2F /* Pods_clikatTests.framework */; };
		C8E968BDB971D2CABC225276 /* Pods_clikat.framework in Frameworks */ = {isa = PBXBuildFile; fileRef = F43D606C95B18F6489FEC41F /* Pods_clikat.framework */; };
/* End PBXBuildFile section */

/* Begin PBXContainerItemProxy section */
		1D71A1CE1E6EF9A1003B7CBF /* PBXContainerItemProxy */ = {
			isa = PBXContainerItemProxy;
			containerPortal = 1D71A1B11E6EF9A0003B7CBF /* Project object */;
			proxyType = 1;
			remoteGlobalIDString = 1D71A1B81E6EF9A0003B7CBF;
			remoteInfo = clikat;
		};
		1D71A1D91E6EF9A1003B7CBF /* PBXContainerItemProxy */ = {
			isa = PBXContainerItemProxy;
			containerPortal = 1D71A1B11E6EF9A0003B7CBF /* Project object */;
			proxyType = 1;
			remoteGlobalIDString = 1D71A1B81E6EF9A0003B7CBF;
			remoteInfo = clikat;
		};
/* End PBXContainerItemProxy section */

/* Begin PBXFileReference section */
		1293F88D3E3A3AEE92FBEA5D /* Pods-clikatUITests.release.xcconfig */ = {isa = PBXFileReference; includeInIndex = 1; lastKnownFileType = text.xcconfig; name = "Pods-clikatUITests.release.xcconfig"; path = "Pods/Target Support Files/Pods-clikatUITests/Pods-clikatUITests.release.xcconfig"; sourceTree = "<group>"; };
		1CBF9EA492F5CF8431BF8ED4 /* Pods-clikatUITests.debug.xcconfig */ = {isa = PBXFileReference; includeInIndex = 1; lastKnownFileType = text.xcconfig; name = "Pods-clikatUITests.debug.xcconfig"; path = "Pods/Target Support Files/Pods-clikatUITests/Pods-clikatUITests.debug.xcconfig"; sourceTree = "<group>"; };
		1D71A1B91E6EF9A0003B7CBF /* clikat.app */ = {isa = PBXFileReference; explicitFileType = wrapper.application; includeInIndex = 0; path = clikat.app; sourceTree = BUILT_PRODUCTS_DIR; };
		1D71A1BC1E6EF9A0003B7CBF /* AppDelegate.swift */ = {isa = PBXFileReference; lastKnownFileType = sourcecode.swift; path = AppDelegate.swift; sourceTree = "<group>"; };
		1D71A1C31E6EF9A1003B7CBF /* Assets.xcassets */ = {isa = PBXFileReference; lastKnownFileType = folder.assetcatalog; path = Assets.xcassets; sourceTree = "<group>"; };
		1D71A1C81E6EF9A1003B7CBF /* Info.plist */ = {isa = PBXFileReference; lastKnownFileType = text.plist.xml; path = Info.plist; sourceTree = "<group>"; };
		1D71A1CD1E6EF9A1003B7CBF /* clikatTests.xctest */ = {isa = PBXFileReference; explicitFileType = wrapper.cfbundle; includeInIndex = 0; path = clikatTests.xctest; sourceTree = BUILT_PRODUCTS_DIR; };
		1D71A1D11E6EF9A1003B7CBF /* clikatTests.swift */ = {isa = PBXFileReference; lastKnownFileType = sourcecode.swift; path = clikatTests.swift; sourceTree = "<group>"; };
		1D71A1D31E6EF9A1003B7CBF /* Info.plist */ = {isa = PBXFileReference; lastKnownFileType = text.plist.xml; path = Info.plist; sourceTree = "<group>"; };
		1D71A1D81E6EF9A1003B7CBF /* clikatUITests.xctest */ = {isa = PBXFileReference; explicitFileType = wrapper.cfbundle; includeInIndex = 0; path = clikatUITests.xctest; sourceTree = BUILT_PRODUCTS_DIR; };
		1D71A1DC1E6EF9A1003B7CBF /* clikatUITests.swift */ = {isa = PBXFileReference; lastKnownFileType = sourcecode.swift; path = clikatUITests.swift; sourceTree = "<group>"; };
		1D71A1DE1E6EF9A1003B7CBF /* Info.plist */ = {isa = PBXFileReference; lastKnownFileType = text.plist.xml; path = Info.plist; sourceTree = "<group>"; };
		1D7967BD1E796B1C00EEEA11 /* DataIdentifier.swift */ = {isa = PBXFileReference; fileEncoding = 4; lastKnownFileType = sourcecode.swift; path = DataIdentifier.swift; sourceTree = "<group>"; };
		1D8892081E79082800984C4D /* slidepanelViewController.swift */ = {isa = PBXFileReference; fileEncoding = 4; lastKnownFileType = sourcecode.swift; path = slidepanelViewController.swift; sourceTree = "<group>"; };
		1D8892091E79082800984C4D /* ViewController.swift */ = {isa = PBXFileReference; fileEncoding = 4; lastKnownFileType = sourcecode.swift; path = ViewController.swift; sourceTree = "<group>"; };
		1D88920D1E7908B300984C4D /* Main.storyboard */ = {isa = PBXFileReference; fileEncoding = 4; lastKnownFileType = file.storyboard; path = Main.storyboard; sourceTree = "<group>"; };
		1D8892101E79099700984C4D /* AdvertisementTableViewCell.swift */ = {isa = PBXFileReference; fileEncoding = 4; lastKnownFileType = sourcecode.swift; path = AdvertisementTableViewCell.swift; sourceTree = "<group>"; };
		1D8892111E79099700984C4D /* AdvertisementTableViewCell.xib */ = {isa = PBXFileReference; fileEncoding = 4; lastKnownFileType = file.xib; path = AdvertisementTableViewCell.xib; sourceTree = "<group>"; };
		1D8892121E79099700984C4D /* FirstTableViewCell.swift */ = {isa = PBXFileReference; fileEncoding = 4; lastKnownFileType = sourcecode.swift; path = FirstTableViewCell.swift; sourceTree = "<group>"; };
		1D8892131E79099700984C4D /* FirstTableViewCell.xib */ = {isa = PBXFileReference; fileEncoding = 4; lastKnownFileType = file.xib; path = FirstTableViewCell.xib; sourceTree = "<group>"; };
		1D8892141E79099700984C4D /* SecondTableViewCell.swift */ = {isa = PBXFileReference; fileEncoding = 4; lastKnownFileType = sourcecode.swift; path = SecondTableViewCell.swift; sourceTree = "<group>"; };
		1D8892151E79099700984C4D /* ThirdTableViewCell.swift */ = {isa = PBXFileReference; fileEncoding = 4; lastKnownFileType = sourcecode.swift; path = ThirdTableViewCell.swift; sourceTree = "<group>"; };
		1D8892161E79099700984C4D /* ThirdTableViewCell.xib */ = {isa = PBXFileReference; fileEncoding = 4; lastKnownFileType = file.xib; path = ThirdTableViewCell.xib; sourceTree = "<group>"; };
		1D88921E1E7909BE00984C4D /* SecondTableViewCell.xib */ = {isa = PBXFileReference; fileEncoding = 4; lastKnownFileType = file.xib; path = SecondTableViewCell.xib; sourceTree = "<group>"; };
		1D8892201E790A1500984C4D /* LaunchScreen.storyboard */ = {isa = PBXFileReference; fileEncoding = 4; lastKnownFileType = file.storyboard; path = LaunchScreen.storyboard; sourceTree = "<group>"; };
		1D8892231E790A2700984C4D /* firstCollectionViewCell.swift */ = {isa = PBXFileReference; fileEncoding = 4; lastKnownFileType = sourcecode.swift; path = firstCollectionViewCell.swift; sourceTree = "<group>"; };
		1D8892241E790A2700984C4D /* firstCollectionViewCell.xib */ = {isa = PBXFileReference; fileEncoding = 4; lastKnownFileType = file.xib; path = firstCollectionViewCell.xib; sourceTree = "<group>"; };
		1D8892251E790A2700984C4D /* fourthCollectionViewCell.swift */ = {isa = PBXFileReference; fileEncoding = 4; lastKnownFileType = sourcecode.swift; path = fourthCollectionViewCell.swift; sourceTree = "<group>"; };
		1D8892261E790A2700984C4D /* fourthCollectionViewCell.xib */ = {isa = PBXFileReference; fileEncoding = 4; lastKnownFileType = file.xib; path = fourthCollectionViewCell.xib; sourceTree = "<group>"; };
		1D8892271E790A2700984C4D /* secondCollectionViewCell.swift */ = {isa = PBXFileReference; fileEncoding = 4; lastKnownFileType = sourcecode.swift; path = secondCollectionViewCell.swift; sourceTree = "<group>"; };
		1D8892281E790A2700984C4D /* secondCollectionViewCell.xib */ = {isa = PBXFileReference; fileEncoding = 4; lastKnownFileType = file.xib; path = secondCollectionViewCell.xib; sourceTree = "<group>"; };
		1D8892291E790A2700984C4D /* thirdCollectionViewCell.swift */ = {isa = PBXFileReference; fileEncoding = 4; lastKnownFileType = sourcecode.swift; path = thirdCollectionViewCell.swift; sourceTree = "<group>"; };
		1D88922A1E790A2700984C4D /* thirdCollectionViewCell.xib */ = {isa = PBXFileReference; fileEncoding = 4; lastKnownFileType = file.xib; path = thirdCollectionViewCell.xib; sourceTree = "<group>"; };
		1D8892341E790A9900984C4D /* model.swift */ = {isa = PBXFileReference; fileEncoding = 4; lastKnownFileType = sourcecode.swift; path = model.swift; sourceTree = "<group>"; };
		1D8892371E790ABF00984C4D /* TableViewCell.swift */ = {isa = PBXFileReference; fileEncoding = 4; lastKnownFileType = sourcecode.swift; path = TableViewCell.swift; sourceTree = "<group>"; };
		1D88923D1E791DE600984C4D /* stickyHeader.swift */ = {isa = PBXFileReference; fileEncoding = 4; lastKnownFileType = sourcecode.swift; path = stickyHeader.swift; sourceTree = "<group>"; };
		1D88923F1E791DF500984C4D /* stickyHeader.xib */ = {isa = PBXFileReference; fileEncoding = 4; lastKnownFileType = file.xib; path = stickyHeader.xib; sourceTree = "<group>"; };
		1DD6C7F51E710EE1006561F2 /* APIHandler.swift */ = {isa = PBXFileReference; fileEncoding = 4; lastKnownFileType = sourcecode.swift; path = APIHandler.swift; sourceTree = "<group>"; };
		20E7AB7A9791AB5DBAC5BED4 /* Pods-clikat.debug.xcconfig */ = {isa = PBXFileReference; includeInIndex = 1; lastKnownFileType = text.xcconfig; name = "Pods-clikat.debug.xcconfig"; path = "Pods/Target Support Files/Pods-clikat/Pods-clikat.debug.xcconfig"; sourceTree = "<group>"; };
		69495D5A8DA48FAC835F5A2F /* Pods_clikatTests.framework */ = {isa = PBXFileReference; explicitFileType = wrapper.framework; includeInIndex = 0; path = Pods_clikatTests.framework; sourceTree = BUILT_PRODUCTS_DIR; };
		70017F583D035979B1C18633 /* Pods-clikatTests.release.xcconfig */ = {isa = PBXFileReference; includeInIndex = 1; lastKnownFileType = text.xcconfig; name = "Pods-clikatTests.release.xcconfig"; path = "Pods/Target Support Files/Pods-clikatTests/Pods-clikatTests.release.xcconfig"; sourceTree = "<group>"; };
		80DFB0BCECB6E05F563ED90D /* Pods-clikat.release.xcconfig */ = {isa = PBXFileReference; includeInIndex = 1; lastKnownFileType = text.xcconfig; name = "Pods-clikat.release.xcconfig"; path = "Pods/Target Support Files/Pods-clikat/Pods-clikat.release.xcconfig"; sourceTree = "<group>"; };
		CDCCF9A681A28B1F09BCD1D1 /* Pods_clikatUITests.framework */ = {isa = PBXFileReference; explicitFileType = wrapper.framework; includeInIndex = 0; path = Pods_clikatUITests.framework; sourceTree = BUILT_PRODUCTS_DIR; };
		F43D606C95B18F6489FEC41F /* Pods_clikat.framework */ = {isa = PBXFileReference; explicitFileType = wrapper.framework; includeInIndex = 0; path = Pods_clikat.framework; sourceTree = BUILT_PRODUCTS_DIR; };
		FAAB7D70BC167BA105468982 /* Pods-clikatTests.debug.xcconfig */ = {isa = PBXFileReference; includeInIndex = 1; lastKnownFileType = text.xcconfig; name = "Pods-clikatTests.debug.xcconfig"; path = "Pods/Target Support Files/Pods-clikatTests/Pods-clikatTests.debug.xcconfig"; sourceTree = "<group>"; };
/* End PBXFileReference section */

/* Begin PBXFrameworksBuildPhase section */
		1D71A1B61E6EF9A0003B7CBF /* Frameworks */ = {
			isa = PBXFrameworksBuildPhase;
			buildActionMask = 2147483647;
			files = (
				C8E968BDB971D2CABC225276 /* Pods_clikat.framework in Frameworks */,
			);
			runOnlyForDeploymentPostprocessing = 0;
		};
		1D71A1CA1E6EF9A1003B7CBF /* Frameworks */ = {
			isa = PBXFrameworksBuildPhase;
			buildActionMask = 2147483647;
			files = (
				4FA41DE2B1E7BC9F6537DD98 /* Pods_clikatTests.framework in Frameworks */,
			);
			runOnlyForDeploymentPostprocessing = 0;
		};
		1D71A1D51E6EF9A1003B7CBF /* Frameworks */ = {
			isa = PBXFrameworksBuildPhase;
			buildActionMask = 2147483647;
			files = (
				2CEC7C020D89A80448C34981 /* Pods_clikatUITests.framework in Frameworks */,
			);
			runOnlyForDeploymentPostprocessing = 0;
		};
/* End PBXFrameworksBuildPhase section */

/* Begin PBXGroup section */
		1D71A1B01E6EF9A0003B7CBF = {
			isa = PBXGroup;
			children = (
				1D71A1BB1E6EF9A0003B7CBF /* clikat */,
				1D71A1D01E6EF9A1003B7CBF /* clikatTests */,
				1D71A1DB1E6EF9A1003B7CBF /* clikatUITests */,
				1D71A1BA1E6EF9A0003B7CBF /* Products */,
				7D2FCE8A75E1E709A786E4A8 /* Pods */,
				492244F06B474D72F252C2F6 /* Frameworks */,
			);
			sourceTree = "<group>";
		};
		1D71A1BA1E6EF9A0003B7CBF /* Products */ = {
			isa = PBXGroup;
			children = (
				1D71A1B91E6EF9A0003B7CBF /* clikat.app */,
				1D71A1CD1E6EF9A1003B7CBF /* clikatTests.xctest */,
				1D71A1D81E6EF9A1003B7CBF /* clikatUITests.xctest */,
			);
			name = Products;
			sourceTree = "<group>";
		};
		1D71A1BB1E6EF9A0003B7CBF /* clikat */ = {
			isa = PBXGroup;
			children = (
				1D8892361E790ABF00984C4D /* Slider */,
				1D8892331E790A7E00984C4D /* Model */,
				1D8892221E790A2700984C4D /* CollectionViewCell */,
				1D88920F1E79099700984C4D /* TableViewCell */,
				1D88920C1E7908B300984C4D /* View */,
				1D8892071E79082800984C4D /* Controller */,
				1DD6C7F41E710EC4006561F2 /* API Handler */,
				1D71A1BC1E6EF9A0003B7CBF /* AppDelegate.swift */,
				1D71A1C31E6EF9A1003B7CBF /* Assets.xcassets */,
				1D71A1C81E6EF9A1003B7CBF /* Info.plist */,
				1D7967BD1E796B1C00EEEA11 /* DataIdentifier.swift */,
			);
			path = clikat;
			sourceTree = "<group>";
		};
		1D71A1D01E6EF9A1003B7CBF /* clikatTests */ = {
			isa = PBXGroup;
			children = (
				1D71A1D11E6EF9A1003B7CBF /* clikatTests.swift */,
				1D71A1D31E6EF9A1003B7CBF /* Info.plist */,
			);
			path = clikatTests;
			sourceTree = "<group>";
		};
		1D71A1DB1E6EF9A1003B7CBF /* clikatUITests */ = {
			isa = PBXGroup;
			children = (
				1D71A1DC1E6EF9A1003B7CBF /* clikatUITests.swift */,
				1D71A1DE1E6EF9A1003B7CBF /* Info.plist */,
			);
			path = clikatUITests;
			sourceTree = "<group>";
		};
		1D8892071E79082800984C4D /* Controller */ = {
			isa = PBXGroup;
			children = (
				1D8892081E79082800984C4D /* slidepanelViewController.swift */,
				1D8892091E79082800984C4D /* ViewController.swift */,
			);
			path = Controller;
			sourceTree = "<group>";
		};
		1D88920C1E7908B300984C4D /* View */ = {
			isa = PBXGroup;
			children = (
				1D88920D1E7908B300984C4D /* Main.storyboard */,
				1D8892201E790A1500984C4D /* LaunchScreen.storyboard */,
			);
			path = View;
			sourceTree = "<group>";
		};
		1D88920F1E79099700984C4D /* TableViewCell */ = {
			isa = PBXGroup;
			children = (
				1D8892101E79099700984C4D /* AdvertisementTableViewCell.swift */,
				1D8892111E79099700984C4D /* AdvertisementTableViewCell.xib */,
				1D8892121E79099700984C4D /* FirstTableViewCell.swift */,
				1D8892131E79099700984C4D /* FirstTableViewCell.xib */,
				1D8892141E79099700984C4D /* SecondTableViewCell.swift */,
				1D88921E1E7909BE00984C4D /* SecondTableViewCell.xib */,
				1D8892151E79099700984C4D /* ThirdTableViewCell.swift */,
				1D8892161E79099700984C4D /* ThirdTableViewCell.xib */,
			);
			path = TableViewCell;
			sourceTree = "<group>";
		};
		1D8892221E790A2700984C4D /* CollectionViewCell */ = {
			isa = PBXGroup;
			children = (
				1D8892231E790A2700984C4D /* firstCollectionViewCell.swift */,
				1D8892241E790A2700984C4D /* firstCollectionViewCell.xib */,
				1D8892271E790A2700984C4D /* secondCollectionViewCell.swift */,
				1D8892281E790A2700984C4D /* secondCollectionViewCell.xib */,
				1D8892291E790A2700984C4D /* thirdCollectionViewCell.swift */,
				1D88922A1E790A2700984C4D /* thirdCollectionViewCell.xib */,
				1D8892251E790A2700984C4D /* fourthCollectionViewCell.swift */,
				1D8892261E790A2700984C4D /* fourthCollectionViewCell.xib */,
			);
			path = CollectionViewCell;
			sourceTree = "<group>";
		};
		1D8892331E790A7E00984C4D /* Model */ = {
			isa = PBXGroup;
			children = (
				1D8892341E790A9900984C4D /* model.swift */,
			);
			path = Model;
			sourceTree = "<group>";
		};
		1D8892361E790ABF00984C4D /* Slider */ = {
			isa = PBXGroup;
			children = (
				1D8892371E790ABF00984C4D /* TableViewCell.swift */,
				1D88923D1E791DE600984C4D /* stickyHeader.swift */,
				1D88923F1E791DF500984C4D /* stickyHeader.xib */,
			);
			path = Slider;
			sourceTree = "<group>";
		};
		1DD6C7F41E710EC4006561F2 /* API Handler */ = {
			isa = PBXGroup;
			children = (
				1DD6C7F51E710EE1006561F2 /* APIHandler.swift */,
			);
			name = "API Handler";
			sourceTree = "<group>";
		};
		492244F06B474D72F252C2F6 /* Frameworks */ = {
			isa = PBXGroup;
			children = (
				F43D606C95B18F6489FEC41F /* Pods_clikat.framework */,
				69495D5A8DA48FAC835F5A2F /* Pods_clikatTests.framework */,
				CDCCF9A681A28B1F09BCD1D1 /* Pods_clikatUITests.framework */,
			);
			name = Frameworks;
			sourceTree = "<group>";
		};
		7D2FCE8A75E1E709A786E4A8 /* Pods */ = {
			isa = PBXGroup;
			children = (
				20E7AB7A9791AB5DBAC5BED4 /* Pods-clikat.debug.xcconfig */,
				80DFB0BCECB6E05F563ED90D /* Pods-clikat.release.xcconfig */,
				FAAB7D70BC167BA105468982 /* Pods-clikatTests.debug.xcconfig */,
				70017F583D035979B1C18633 /* Pods-clikatTests.release.xcconfig */,
				1CBF9EA492F5CF8431BF8ED4 /* Pods-clikatUITests.debug.xcconfig */,
				1293F88D3E3A3AEE92FBEA5D /* Pods-clikatUITests.release.xcconfig */,
			);
			name = Pods;
			sourceTree = "<group>";
		};
/* End PBXGroup section */

/* Begin PBXNativeTarget section */
		1D71A1B81E6EF9A0003B7CBF /* clikat */ = {
			isa = PBXNativeTarget;
			buildConfigurationList = 1D71A1E11E6EF9A1003B7CBF /* Build configuration list for PBXNativeTarget "clikat" */;
			buildPhases = (
				B464699FE7B20AAF091AAE1A /* [CP] Check Pods Manifest.lock */,
				1D71A1B51E6EF9A0003B7CBF /* Sources */,
				1D71A1B61E6EF9A0003B7CBF /* Frameworks */,
				1D71A1B71E6EF9A0003B7CBF /* Resources */,
				146021574BB5CB92775CB2BB /* [CP] Embed Pods Frameworks */,
				5C082A33065B2860050EE195 /* [CP] Copy Pods Resources */,
			);
			buildRules = (
			);
			dependencies = (
			);
			name = clikat;
			productName = clikat;
			productReference = 1D71A1B91E6EF9A0003B7CBF /* clikat.app */;
			productType = "com.apple.product-type.application";
		};
		1D71A1CC1E6EF9A1003B7CBF /* clikatTests */ = {
			isa = PBXNativeTarget;
			buildConfigurationList = 1D71A1E41E6EF9A1003B7CBF /* Build configuration list for PBXNativeTarget "clikatTests" */;
			buildPhases = (
				9F89E91949940FF46ABF398A /* [CP] Check Pods Manifest.lock */,
				1D71A1C91E6EF9A1003B7CBF /* Sources */,
				1D71A1CA1E6EF9A1003B7CBF /* Frameworks */,
				1D71A1CB1E6EF9A1003B7CBF /* Resources */,
				15B2E5FF72CAC74A3C14E475 /* [CP] Embed Pods Frameworks */,
				674CF2E655A213997E2C5ACA /* [CP] Copy Pods Resources */,
			);
			buildRules = (
			);
			dependencies = (
				1D71A1CF1E6EF9A1003B7CBF /* PBXTargetDependency */,
			);
			name = clikatTests;
			productName = clikatTests;
			productReference = 1D71A1CD1E6EF9A1003B7CBF /* clikatTests.xctest */;
			productType = "com.apple.product-type.bundle.unit-test";
		};
		1D71A1D71E6EF9A1003B7CBF /* clikatUITests */ = {
			isa = PBXNativeTarget;
			buildConfigurationList = 1D71A1E71E6EF9A1003B7CBF /* Build configuration list for PBXNativeTarget "clikatUITests" */;
			buildPhases = (
				E1E57AEA68CAE67AB31DBC7A /* [CP] Check Pods Manifest.lock */,
				1D71A1D41E6EF9A1003B7CBF /* Sources */,
				1D71A1D51E6EF9A1003B7CBF /* Frameworks */,
				1D71A1D61E6EF9A1003B7CBF /* Resources */,
				9A6780F9948C09736AC9926E /* [CP] Embed Pods Frameworks */,
				0BB9919D0742D8CE139A2807 /* [CP] Copy Pods Resources */,
			);
			buildRules = (
			);
			dependencies = (
				1D71A1DA1E6EF9A1003B7CBF /* PBXTargetDependency */,
			);
			name = clikatUITests;
			productName = clikatUITests;
			productReference = 1D71A1D81E6EF9A1003B7CBF /* clikatUITests.xctest */;
			productType = "com.apple.product-type.bundle.ui-testing";
		};
/* End PBXNativeTarget section */

/* Begin PBXProject section */
		1D71A1B11E6EF9A0003B7CBF /* Project object */ = {
			isa = PBXProject;
			attributes = {
				LastSwiftUpdateCheck = 0820;
				LastUpgradeCheck = 0820;
				ORGANIZATIONNAME = codebrew;
				TargetAttributes = {
					1D71A1B81E6EF9A0003B7CBF = {
						CreatedOnToolsVersion = 8.2.1;
						ProvisioningStyle = Automatic;
					};
					1D71A1CC1E6EF9A1003B7CBF = {
						CreatedOnToolsVersion = 8.2.1;
						ProvisioningStyle = Automatic;
						TestTargetID = 1D71A1B81E6EF9A0003B7CBF;
					};
					1D71A1D71E6EF9A1003B7CBF = {
						CreatedOnToolsVersion = 8.2.1;
						ProvisioningStyle = Automatic;
						TestTargetID = 1D71A1B81E6EF9A0003B7CBF;
					};
				};
			};
			buildConfigurationList = 1D71A1B41E6EF9A0003B7CBF /* Build configuration list for PBXProject "clikat" */;
			compatibilityVersion = "Xcode 3.2";
			developmentRegion = English;
			hasScannedForEncodings = 0;
			knownRegions = (
				en,
				Base,
			);
			mainGroup = 1D71A1B01E6EF9A0003B7CBF;
			productRefGroup = 1D71A1BA1E6EF9A0003B7CBF /* Products */;
			projectDirPath = "";
			projectRoot = "";
			targets = (
				1D71A1B81E6EF9A0003B7CBF /* clikat */,
				1D71A1CC1E6EF9A1003B7CBF /* clikatTests */,
				1D71A1D71E6EF9A1003B7CBF /* clikatUITests */,
			);
		};
/* End PBXProject section */

/* Begin PBXResourcesBuildPhase section */
		1D71A1B71E6EF9A0003B7CBF /* Resources */ = {
			isa = PBXResourcesBuildPhase;
			buildActionMask = 2147483647;
			files = (
				1D8892301E790A2700984C4D /* secondCollectionViewCell.xib in Resources */,
				1D8892321E790A2700984C4D /* thirdCollectionViewCell.xib in Resources */,
				1D88922C1E790A2700984C4D /* firstCollectionViewCell.xib in Resources */,
				1D8892181E79099700984C4D /* AdvertisementTableViewCell.xib in Resources */,
				1D88920E1E7908B300984C4D /* Main.storyboard in Resources */,
				1D8892401E791DF500984C4D /* stickyHeader.xib in Resources */,
				1D88921F1E7909BE00984C4D /* SecondTableViewCell.xib in Resources */,
				1D88921A1E79099700984C4D /* FirstTableViewCell.xib in Resources */,
				1D8892211E790A1500984C4D /* LaunchScreen.storyboard in Resources */,
				1D71A1C41E6EF9A1003B7CBF /* Assets.xcassets in Resources */,
				1D88922E1E790A2700984C4D /* fourthCollectionViewCell.xib in Resources */,
				1D88921D1E79099700984C4D /* ThirdTableViewCell.xib in Resources */,
			);
			runOnlyForDeploymentPostprocessing = 0;
		};
		1D71A1CB1E6EF9A1003B7CBF /* Resources */ = {
			isa = PBXResourcesBuildPhase;
			buildActionMask = 2147483647;
			files = (
			);
			runOnlyForDeploymentPostprocessing = 0;
		};
		1D71A1D61E6EF9A1003B7CBF /* Resources */ = {
			isa = PBXResourcesBuildPhase;
			buildActionMask = 2147483647;
			files = (
			);
			runOnlyForDeploymentPostprocessing = 0;
		};
/* End PBXResourcesBuildPhase section */

/* Begin PBXShellScriptBuildPhase section */
		0BB9919D0742D8CE139A2807 /* [CP] Copy Pods Resources */ = {
			isa = PBXShellScriptBuildPhase;
			buildActionMask = 2147483647;
			files = (
			);
			inputPaths = (
			);
			name = "[CP] Copy Pods Resources";
			outputPaths = (
			);
			runOnlyForDeploymentPostprocessing = 0;
			shellPath = /bin/sh;
			shellScript = "\"${SRCROOT}/Pods/Target Support Files/Pods-clikatUITests/Pods-clikatUITests-resources.sh\"\n";
			showEnvVarsInLog = 0;
		};
		146021574BB5CB92775CB2BB /* [CP] Embed Pods Frameworks */ = {
			isa = PBXShellScriptBuildPhase;
			buildActionMask = 2147483647;
			files = (
			);
			inputPaths = (
			);
			name = "[CP] Embed Pods Frameworks";
			outputPaths = (
			);
			runOnlyForDeploymentPostprocessing = 0;
			shellPath = /bin/sh;
			shellScript = "\"${SRCROOT}/Pods/Target Support Files/Pods-clikat/Pods-clikat-frameworks.sh\"\n";
			showEnvVarsInLog = 0;
		};
		15B2E5FF72CAC74A3C14E475 /* [CP] Embed Pods Frameworks */ = {
			isa = PBXShellScriptBuildPhase;
			buildActionMask = 2147483647;
			files = (
			);
			inputPaths = (
			);
			name = "[CP] Embed Pods Frameworks";
			outputPaths = (
			);
			runOnlyForDeploymentPostprocessing = 0;
			shellPath = /bin/sh;
			shellScript = "\"${SRCROOT}/Pods/Target Support Files/Pods-clikatTests/Pods-clikatTests-frameworks.sh\"\n";
			showEnvVarsInLog = 0;
		};
		5C082A33065B2860050EE195 /* [CP] Copy Pods Resources */ = {
			isa = PBXShellScriptBuildPhase;
			buildActionMask = 2147483647;
			files = (
			);
			inputPaths = (
			);
			name = "[CP] Copy Pods Resources";
			outputPaths = (
			);
			runOnlyForDeploymentPostprocessing = 0;
			shellPath = /bin/sh;
			shellScript = "\"${SRCROOT}/Pods/Target Support Files/Pods-clikat/Pods-clikat-resources.sh\"\n";
			showEnvVarsInLog = 0;
		};
		674CF2E655A213997E2C5ACA /* [CP] Copy Pods Resources */ = {
			isa = PBXShellScriptBuildPhase;
			buildActionMask = 2147483647;
			files = (
			);
			inputPaths = (
			);
			name = "[CP] Copy Pods Resources";
			outputPaths = (
			);
			runOnlyForDeploymentPostprocessing = 0;
			shellPath = /bin/sh;
			shellScript = "\"${SRCROOT}/Pods/Target Support Files/Pods-clikatTests/Pods-clikatTests-resources.sh\"\n";
			showEnvVarsInLog = 0;
		};
		9A6780F9948C09736AC9926E /* [CP] Embed Pods Frameworks */ = {
			isa = PBXShellScriptBuildPhase;
			buildActionMask = 2147483647;
			files = (
			);
			inputPaths = (
			);
			name = "[CP] Embed Pods Frameworks";
			outputPaths = (
			);
			runOnlyForDeploymentPostprocessing = 0;
			shellPath = /bin/sh;
			shellScript = "\"${SRCROOT}/Pods/Target Support Files/Pods-clikatUITests/Pods-clikatUITests-frameworks.sh\"\n";
			showEnvVarsInLog = 0;
		};
		9F89E91949940FF46ABF398A /* [CP] Check Pods Manifest.lock */ = {
			isa = PBXShellScriptBuildPhase;
			buildActionMask = 2147483647;
			files = (
			);
			inputPaths = (
			);
			name = "[CP] Check Pods Manifest.lock";
			outputPaths = (
			);
			runOnlyForDeploymentPostprocessing = 0;
			shellPath = /bin/sh;
			shellScript = "diff \"${PODS_ROOT}/../Podfile.lock\" \"${PODS_ROOT}/Manifest.lock\" > /dev/null\nif [ $? != 0 ] ; then\n    # print error to STDERR\n    echo \"error: The sandbox is not in sync with the Podfile.lock. Run 'pod install' or update your CocoaPods installation.\" >&2\n    exit 1\nfi\n";
			showEnvVarsInLog = 0;
		};
		B464699FE7B20AAF091AAE1A /* [CP] Check Pods Manifest.lock */ = {
			isa = PBXShellScriptBuildPhase;
			buildActionMask = 2147483647;
			files = (
			);
			inputPaths = (
			);
			name = "[CP] Check Pods Manifest.lock";
			outputPaths = (
			);
			runOnlyForDeploymentPostprocessing = 0;
			shellPath = /bin/sh;
			shellScript = "diff \"${PODS_ROOT}/../Podfile.lock\" \"${PODS_ROOT}/Manifest.lock\" > /dev/null\nif [ $? != 0 ] ; then\n    # print error to STDERR\n    echo \"error: The sandbox is not in sync with the Podfile.lock. Run 'pod install' or update your CocoaPods installation.\" >&2\n    exit 1\nfi\n";
			showEnvVarsInLog = 0;
		};
		E1E57AEA68CAE67AB31DBC7A /* [CP] Check Pods Manifest.lock */ = {
			isa = PBXShellScriptBuildPhase;
			buildActionMask = 2147483647;
			files = (
			);
			inputPaths = (
			);
			name = "[CP] Check Pods Manifest.lock";
			outputPaths = (
			);
			runOnlyForDeploymentPostprocessing = 0;
			shellPath = /bin/sh;
			shellScript = "diff \"${PODS_ROOT}/../Podfile.lock\" \"${PODS_ROOT}/Manifest.lock\" > /dev/null\nif [ $? != 0 ] ; then\n    # print error to STDERR\n    echo \"error: The sandbox is not in sync with the Podfile.lock. Run 'pod install' or update your CocoaPods installation.\" >&2\n    exit 1\nfi\n";
			showEnvVarsInLog = 0;
		};
/* End PBXShellScriptBuildPhase section */

/* Begin PBXSourcesBuildPhase section */
		1D71A1B51E6EF9A0003B7CBF /* Sources */ = {
			isa = PBXSourcesBuildPhase;
			buildActionMask = 2147483647;
			files = (
				1D8892381E790ABF00984C4D /* TableViewCell.swift in Sources */,
				1D88920A1E79082800984C4D /* slidepanelViewController.swift in Sources */,
				1D8892171E79099700984C4D /* AdvertisementTableViewCell.swift in Sources */,
				1D88923E1E791DE600984C4D /* stickyHeader.swift in Sources */,
				1D88921C1E79099700984C4D /* ThirdTableViewCell.swift in Sources */,
				1DD6C7F61E710EE1006561F2 /* APIHandler.swift in Sources */,
				1D88922D1E790A2700984C4D /* fourthCollectionViewCell.swift in Sources */,
				1D88922F1E790A2700984C4D /* secondCollectionViewCell.swift in Sources */,
				1D8892311E790A2700984C4D /* thirdCollectionViewCell.swift in Sources */,
				1D88921B1E79099700984C4D /* SecondTableViewCell.swift in Sources */,
				1D8892351E790A9900984C4D /* model.swift in Sources */,
				1D88922B1E790A2700984C4D /* firstCollectionViewCell.swift in Sources */,
				1D7967BE1E796B1C00EEEA11 /* DataIdentifier.swift in Sources */,
				1D71A1BD1E6EF9A0003B7CBF /* AppDelegate.swift in Sources */,
				1D8892191E79099700984C4D /* FirstTableViewCell.swift in Sources */,
				1D88920B1E79082800984C4D /* ViewController.swift in Sources */,
			);
			runOnlyForDeploymentPostprocessing = 0;
		};
		1D71A1C91E6EF9A1003B7CBF /* Sources */ = {
			isa = PBXSourcesBuildPhase;
			buildActionMask = 2147483647;
			files = (
				1D71A1D21E6EF9A1003B7CBF /* clikatTests.swift in Sources */,
			);
			runOnlyForDeploymentPostprocessing = 0;
		};
		1D71A1D41E6EF9A1003B7CBF /* Sources */ = {
			isa = PBXSourcesBuildPhase;
			buildActionMask = 2147483647;
			files = (
				1D71A1DD1E6EF9A1003B7CBF /* clikatUITests.swift in Sources */,
			);
			runOnlyForDeploymentPostprocessing = 0;
		};
/* End PBXSourcesBuildPhase section */

/* Begin PBXTargetDependency section */
		1D71A1CF1E6EF9A1003B7CBF /* PBXTargetDependency */ = {
			isa = PBXTargetDependency;
			target = 1D71A1B81E6EF9A0003B7CBF /* clikat */;
			targetProxy = 1D71A1CE1E6EF9A1003B7CBF /* PBXContainerItemProxy */;
		};
		1D71A1DA1E6EF9A1003B7CBF /* PBXTargetDependency */ = {
			isa = PBXTargetDependency;
			target = 1D71A1B81E6EF9A0003B7CBF /* clikat */;
			targetProxy = 1D71A1D91E6EF9A1003B7CBF /* PBXContainerItemProxy */;
		};
/* End PBXTargetDependency section */

/* Begin XCBuildConfiguration section */
		1D71A1DF1E6EF9A1003B7CBF /* Debug */ = {
			isa = XCBuildConfiguration;
			buildSettings = {
				ALWAYS_SEARCH_USER_PATHS = NO;
				CLANG_ANALYZER_NONNULL = YES;
				CLANG_CXX_LANGUAGE_STANDARD = "gnu++0x";
				CLANG_CXX_LIBRARY = "libc++";
				CLANG_ENABLE_MODULES = YES;
				CLANG_ENABLE_OBJC_ARC = YES;
				CLANG_WARN_BOOL_CONVERSION = YES;
				CLANG_WARN_CONSTANT_CONVERSION = YES;
				CLANG_WARN_DIRECT_OBJC_ISA_USAGE = YES_ERROR;
				CLANG_WARN_DOCUMENTATION_COMMENTS = YES;
				CLANG_WARN_EMPTY_BODY = YES;
				CLANG_WARN_ENUM_CONVERSION = YES;
				CLANG_WARN_INFINITE_RECURSION = YES;
				CLANG_WARN_INT_CONVERSION = YES;
				CLANG_WARN_OBJC_ROOT_CLASS = YES_ERROR;
				CLANG_WARN_SUSPICIOUS_MOVE = YES;
				CLANG_WARN_UNREACHABLE_CODE = YES;
				CLANG_WARN__DUPLICATE_METHOD_MATCH = YES;
				"CODE_SIGN_IDENTITY[sdk=iphoneos*]" = "iPhone Developer";
				COPY_PHASE_STRIP = NO;
				DEBUG_INFORMATION_FORMAT = dwarf;
				ENABLE_STRICT_OBJC_MSGSEND = YES;
				ENABLE_TESTABILITY = YES;
				GCC_C_LANGUAGE_STANDARD = gnu99;
				GCC_DYNAMIC_NO_PIC = NO;
				GCC_NO_COMMON_BLOCKS = YES;
				GCC_OPTIMIZATION_LEVEL = 0;
				GCC_PREPROCESSOR_DEFINITIONS = (
					"DEBUG=1",
					"$(inherited)",
				);
				GCC_WARN_64_TO_32_BIT_CONVERSION = YES;
				GCC_WARN_ABOUT_RETURN_TYPE = YES_ERROR;
				GCC_WARN_UNDECLARED_SELECTOR = YES;
				GCC_WARN_UNINITIALIZED_AUTOS = YES_AGGRESSIVE;
				GCC_WARN_UNUSED_FUNCTION = YES;
				GCC_WARN_UNUSED_VARIABLE = YES;
				IPHONEOS_DEPLOYMENT_TARGET = 10.2;
				MTL_ENABLE_DEBUG_INFO = YES;
				ONLY_ACTIVE_ARCH = YES;
				SDKROOT = iphoneos;
				SWIFT_ACTIVE_COMPILATION_CONDITIONS = DEBUG;
				SWIFT_OPTIMIZATION_LEVEL = "-Onone";
				TARGETED_DEVICE_FAMILY = "1,2";
			};
			name = Debug;
		};
		1D71A1E01E6EF9A1003B7CBF /* Release */ = {
			isa = XCBuildConfiguration;
			buildSettings = {
				ALWAYS_SEARCH_USER_PATHS = NO;
				CLANG_ANALYZER_NONNULL = YES;
				CLANG_CXX_LANGUAGE_STANDARD = "gnu++0x";
				CLANG_CXX_LIBRARY = "libc++";
				CLANG_ENABLE_MODULES = YES;
				CLANG_ENABLE_OBJC_ARC = YES;
				CLANG_WARN_BOOL_CONVERSION = YES;
				CLANG_WARN_CONSTANT_CONVERSION = YES;
				CLANG_WARN_DIRECT_OBJC_ISA_USAGE = YES_ERROR;
				CLANG_WARN_DOCUMENTATION_COMMENTS = YES;
				CLANG_WARN_EMPTY_BODY = YES;
				CLANG_WARN_ENUM_CONVERSION = YES;
				CLANG_WARN_INFINITE_RECURSION = YES;
				CLANG_WARN_INT_CONVERSION = YES;
				CLANG_WARN_OBJC_ROOT_CLASS = YES_ERROR;
				CLANG_WARN_SUSPICIOUS_MOVE = YES;
				CLANG_WARN_UNREACHABLE_CODE = YES;
				CLANG_WARN__DUPLICATE_METHOD_MATCH = YES;
				"CODE_SIGN_IDENTITY[sdk=iphoneos*]" = "iPhone Developer";
				COPY_PHASE_STRIP = NO;
				DEBUG_INFORMATION_FORMAT = "dwarf-with-dsym";
				ENABLE_NS_ASSERTIONS = NO;
				ENABLE_STRICT_OBJC_MSGSEND = YES;
				GCC_C_LANGUAGE_STANDARD = gnu99;
				GCC_NO_COMMON_BLOCKS = YES;
				GCC_WARN_64_TO_32_BIT_CONVERSION = YES;
				GCC_WARN_ABOUT_RETURN_TYPE = YES_ERROR;
				GCC_WARN_UNDECLARED_SELECTOR = YES;
				GCC_WARN_UNINITIALIZED_AUTOS = YES_AGGRESSIVE;
				GCC_WARN_UNUSED_FUNCTION = YES;
				GCC_WARN_UNUSED_VARIABLE = YES;
				IPHONEOS_DEPLOYMENT_TARGET = 10.2;
				MTL_ENABLE_DEBUG_INFO = NO;
				SDKROOT = iphoneos;
				SWIFT_OPTIMIZATION_LEVEL = "-Owholemodule";
				TARGETED_DEVICE_FAMILY = "1,2";
				VALIDATE_PRODUCT = YES;
			};
			name = Release;
		};
		1D71A1E21E6EF9A1003B7CBF /* Debug */ = {
			isa = XCBuildConfiguration;
			baseConfigurationReference = 20E7AB7A9791AB5DBAC5BED4 /* Pods-clikat.debug.xcconfig */;
			buildSettings = {
				ASSETCATALOG_COMPILER_APPICON_NAME = AppIcon;
				INFOPLIST_FILE = clikat/Info.plist;
				IPHONEOS_DEPLOYMENT_TARGET = 10.0;
				LD_RUNPATH_SEARCH_PATHS = "$(inherited) @executable_path/Frameworks";
				PRODUCT_BUNDLE_IDENTIFIER = "com.code-brew.clikat";
				PRODUCT_NAME = "$(TARGET_NAME)";
				SWIFT_VERSION = 3.0;
				TARGETED_DEVICE_FAMILY = 1;
			};
			name = Debug;
		};
		1D71A1E31E6EF9A1003B7CBF /* Release */ = {
			isa = XCBuildConfiguration;
			baseConfigurationReference = 80DFB0BCECB6E05F563ED90D /* Pods-clikat.release.xcconfig */;
			buildSettings = {
				ASSETCATALOG_COMPILER_APPICON_NAME = AppIcon;
				INFOPLIST_FILE = clikat/Info.plist;
				IPHONEOS_DEPLOYMENT_TARGET = 10.0;
				LD_RUNPATH_SEARCH_PATHS = "$(inherited) @executable_path/Frameworks";
				PRODUCT_BUNDLE_IDENTIFIER = "com.code-brew.clikat";
				PRODUCT_NAME = "$(TARGET_NAME)";
				SWIFT_VERSION = 3.0;
				TARGETED_DEVICE_FAMILY = 1;
			};
			name = Release;
		};
		1D71A1E51E6EF9A1003B7CBF /* Debug */ = {
			isa = XCBuildConfiguration;
			baseConfigurationReference = FAAB7D70BC167BA105468982 /* Pods-clikatTests.debug.xcconfig */;
			buildSettings = {
				ALWAYS_EMBED_SWIFT_STANDARD_LIBRARIES = YES;
				BUNDLE_LOADER = "$(TEST_HOST)";
				INFOPLIST_FILE = clikatTests/Info.plist;
				LD_RUNPATH_SEARCH_PATHS = "$(inherited) @executable_path/Frameworks @loader_path/Frameworks";
				PRODUCT_BUNDLE_IDENTIFIER = "com.code-brew.clikatTests";
				PRODUCT_NAME = "$(TARGET_NAME)";
				SWIFT_VERSION = 3.0;
				TEST_HOST = "$(BUILT_PRODUCTS_DIR)/clikat.app/clikat";
			};
			name = Debug;
		};
		1D71A1E61E6EF9A1003B7CBF /* Release */ = {
			isa = XCBuildConfiguration;
			baseConfigurationReference = 70017F583D035979B1C18633 /* Pods-clikatTests.release.xcconfig */;
			buildSettings = {
				ALWAYS_EMBED_SWIFT_STANDARD_LIBRARIES = YES;
				BUNDLE_LOADER = "$(TEST_HOST)";
				INFOPLIST_FILE = clikatTests/Info.plist;
				LD_RUNPATH_SEARCH_PATHS = "$(inherited) @executable_path/Frameworks @loader_path/Frameworks";
				PRODUCT_BUNDLE_IDENTIFIER = "com.code-brew.clikatTests";
				PRODUCT_NAME = "$(TARGET_NAME)";
				SWIFT_VERSION = 3.0;
				TEST_HOST = "$(BUILT_PRODUCTS_DIR)/clikat.app/clikat";
			};
			name = Release;
		};
		1D71A1E81E6EF9A1003B7CBF /* Debug */ = {
			isa = XCBuildConfiguration;
			baseConfigurationReference = 1CBF9EA492F5CF8431BF8ED4 /* Pods-clikatUITests.debug.xcconfig */;
			buildSettings = {
				ALWAYS_EMBED_SWIFT_STANDARD_LIBRARIES = YES;
				INFOPLIST_FILE = clikatUITests/Info.plist;
				LD_RUNPATH_SEARCH_PATHS = "$(inherited) @executable_path/Frameworks @loader_path/Frameworks";
				PRODUCT_BUNDLE_IDENTIFIER = "com.code-brew.clikatUITests";
				PRODUCT_NAME = "$(TARGET_NAME)";
				SWIFT_VERSION = 3.0;
				TEST_TARGET_NAME = clikat;
			};
			name = Debug;
		};
		1D71A1E91E6EF9A1003B7CBF /* Release */ = {
			isa = XCBuildConfiguration;
			baseConfigurationReference = 1293F88D3E3A3AEE92FBEA5D /* Pods-clikatUITests.release.xcconfig */;
			buildSettings = {
				ALWAYS_EMBED_SWIFT_STANDARD_LIBRARIES = YES;
				INFOPLIST_FILE = clikatUITests/Info.plist;
				LD_RUNPATH_SEARCH_PATHS = "$(inherited) @executable_path/Frameworks @loader_path/Frameworks";
				PRODUCT_BUNDLE_IDENTIFIER = "com.code-brew.clikatUITests";
				PRODUCT_NAME = "$(TARGET_NAME)";
				SWIFT_VERSION = 3.0;
				TEST_TARGET_NAME = clikat;
			};
			name = Release;
		};
/* End XCBuildConfiguration section */

/* Begin XCConfigurationList section */
		1D71A1B41E6EF9A0003B7CBF /* Build configuration list for PBXProject "clikat" */ = {
			isa = XCConfigurationList;
			buildConfigurations = (
				1D71A1DF1E6EF9A1003B7CBF /* Debug */,
				1D71A1E01E6EF9A1003B7CBF /* Release */,
			);
			defaultConfigurationIsVisible = 0;
			defaultConfigurationName = Release;
		};
		1D71A1E11E6EF9A1003B7CBF /* Build configuration list for PBXNativeTarget "clikat" */ = {
			isa = XCConfigurationList;
			buildConfigurations = (
				1D71A1E21E6EF9A1003B7CBF /* Debug */,
				1D71A1E31E6EF9A1003B7CBF /* Release */,
			);
			defaultConfigurationIsVisible = 0;
			defaultConfigurationName = Release;
		};
		1D71A1E41E6EF9A1003B7CBF /* Build configuration list for PBXNativeTarget "clikatTests" */ = {
			isa = XCConfigurationList;
			buildConfigurations = (
				1D71A1E51E6EF9A1003B7CBF /* Debug */,
				1D71A1E61E6EF9A1003B7CBF /* Release */,
			);
			defaultConfigurationIsVisible = 0;
			defaultConfigurationName = Release;
		};
		1D71A1E71E6EF9A1003B7CBF /* Build configuration list for PBXNativeTarget "clikatUITests" */ = {
			isa = XCConfigurationList;
			buildConfigurations = (
				1D71A1E81E6EF9A1003B7CBF /* Debug */,
				1D71A1E91E6EF9A1003B7CBF /* Release */,
			);
			defaultConfigurationIsVisible = 0;
			defaultConfigurationName = Release;
		};
/* End XCConfigurationList section */
	};
	rootObject = 1D71A1B11E6EF9A0003B7CBF /* Project object */;
}
